
Microsoft Visual Studio Solution File, Format Version 12.00
# Visual Studio Version 16
VisualStudioVersion = 16.0.31205.134
MinimumVisualStudioVersion = 10.0.40219.1
Project("{9A19103F-16F7-4668-BE54-9A1E7A4F7556}") = "FruitSA", "FruitSA\FruitSA.csproj", "{0C21DFB3-22D9-4828-8CAC-2D067BCE578F}"
EndProject
Project("{2150E333-8FDC-42A3-9474-1A3956D46DE8}") = "Services", "Services", "{74C73252-2B0B-4B32-B68D-DBE37694D4A3}"
EndProject
Project("{2150E333-8FDC-42A3-9474-1A3956D46DE8}") = "Product", "Product", "{164846F2-B0A9-41B2-834E-BF001D63AF78}"
EndProject
Project("{2150E333-8FDC-42A3-9474-1A3956D46DE8}") = "Identity", "Identity", "{65F02DB4-92A3-445C-BEF4-97F499781E0E}"
EndProject
Project("{2150E333-8FDC-42A3-9474-1A3956D46DE8}") = "ApiGateways", "ApiGateways", "{D9060FCB-773C-4893-BDDE-3D379A5B281D}"
EndProject
Project("{2150E333-8FDC-42A3-9474-1A3956D46DE8}") = "Web.HttpAggregator", "Web.HttpAggregator", "{91129ECF-6947-4FF9-BF66-5EA8E3294326}"
EndProject
Project("{9A19103F-16F7-4668-BE54-9A1E7A4F7556}") = "Web.HttpAggregator", "ApiGateways\Web.HttpAggregator\Web.HttpAggregator\Web.HttpAggregator.csproj", "{E9A91945-FC87-4CD1-9A10-8EE43E715A8E}"
EndProject
Project("{9A19103F-16F7-4668-BE54-9A1E7A4F7556}") = "ProductAPI", "Services\Product\ProductAPI\ProductAPI.csproj", "{ED8BB916-7372-4D2D-9BD4-75FD73BE9BC6}"
EndProject
Project("{2150E333-8FDC-42A3-9474-1A3956D46DE8}") = "Common", "Common", "{E8734F8B-03EE-4989-9961-23B8AF4BEB2D}"
EndProject
Project("{9A19103F-16F7-4668-BE54-9A1E7A4F7556}") = "Common.Models", "Common\Models\Common.Models\Common.Models.csproj", "{8C615748-493B-4678-BDF1-B72278F2ACBC}"
EndProject
Project("{9A19103F-16F7-4668-BE54-9A1E7A4F7556}") = "Common.Infrastructure", "Common\Infrastructure\Common.Infrastructure\Common.Infrastructure.csproj", "{0DE657EB-9463-4648-B019-BEDFEFCA2081}"
EndProject
Project("{9A19103F-16F7-4668-BE54-9A1E7A4F7556}") = "IdentityAPI", "Services\Identity\IdentityAPI\IdentityAPI\IdentityAPI.csproj", "{66AEDC47-2D0F-49CE-98EB-DA4B681A2DDD}"
EndProject
Global
	GlobalSection(SolutionConfigurationPlatforms) = preSolution
		Debug|Any CPU = Debug|Any CPU
		Release|Any CPU = Release|Any CPU
	EndGlobalSection
	GlobalSection(ProjectConfigurationPlatforms) = postSolution
		{0C21DFB3-22D9-4828-8CAC-2D067BCE578F}.Debug|Any CPU.ActiveCfg = Debug|Any CPU
		{0C21DFB3-22D9-4828-8CAC-2D067BCE578F}.Debug|Any CPU.Build.0 = Debug|Any CPU
		{0C21DFB3-22D9-4828-8CAC-2D067BCE578F}.Release|Any CPU.ActiveCfg = Release|Any CPU
		{0C21DFB3-22D9-4828-8CAC-2D067BCE578F}.Release|Any CPU.Build.0 = Release|Any CPU
		{E9A91945-FC87-4CD1-9A10-8EE43E715A8E}.Debug|Any CPU.ActiveCfg = Debug|Any CPU
		{E9A91945-FC87-4CD1-9A10-8EE43E715A8E}.Debug|Any CPU.Build.0 = Debug|Any CPU
		{E9A91945-FC87-4CD1-9A10-8EE43E715A8E}.Release|Any CPU.ActiveCfg = Release|Any CPU
		{E9A91945-FC87-4CD1-9A10-8EE43E715A8E}.Release|Any CPU.Build.0 = Release|Any CPU
		{ED8BB916-7372-4D2D-9BD4-75FD73BE9BC6}.Debug|Any CPU.ActiveCfg = Debug|Any CPU
		{ED8BB916-7372-4D2D-9BD4-75FD73BE9BC6}.Debug|Any CPU.Build.0 = Debug|Any CPU
		{ED8BB916-7372-4D2D-9BD4-75FD73BE9BC6}.Release|Any CPU.ActiveCfg = Release|Any CPU
		{ED8BB916-7372-4D2D-9BD4-75FD73BE9BC6}.Release|Any CPU.Build.0 = Release|Any CPU
		{8C615748-493B-4678-BDF1-B72278F2ACBC}.Debug|Any CPU.ActiveCfg = Debug|Any CPU
		{8C615748-493B-4678-BDF1-B72278F2ACBC}.Debug|Any CPU.Build.0 = Debug|Any CPU
		{8C615748-493B-4678-BDF1-B72278F2ACBC}.Release|Any CPU.ActiveCfg = Release|Any CPU
		{8C615748-493B-4678-BDF1-B72278F2ACBC}.Release|Any CPU.Build.0 = Release|Any CPU
		{0DE657EB-9463-4648-B019-BEDFEFCA2081}.Debug|Any CPU.ActiveCfg = Debug|Any CPU
		{0DE657EB-9463-4648-B019-BEDFEFCA2081}.Debug|Any CPU.Build.0 = Debug|Any CPU
		{0DE657EB-9463-4648-B019-BEDFEFCA2081}.Release|Any CPU.ActiveCfg = Release|Any CPU
		{0DE657EB-9463-4648-B019-BEDFEFCA2081}.Release|Any CPU.Build.0 = Release|Any CPU
		{66AEDC47-2D0F-49CE-98EB-DA4B681A2DDD}.Debug|Any CPU.ActiveCfg = Debug|Any CPU
		{66AEDC47-2D0F-49CE-98EB-DA4B681A2DDD}.Debug|Any CPU.Build.0 = Debug|Any CPU
		{66AEDC47-2D0F-49CE-98EB-DA4B681A2DDD}.Release|Any CPU.ActiveCfg = Release|Any CPU
		{66AEDC47-2D0F-49CE-98EB-DA4B681A2DDD}.Release|Any CPU.Build.0 = Release|Any CPU
	EndGlobalSection
	GlobalSection(SolutionProperties) = preSolution
		HideSolutionNode = FALSE
	EndGlobalSection
	GlobalSection(NestedProjects) = preSolution
		{164846F2-B0A9-41B2-834E-BF001D63AF78} = {74C73252-2B0B-4B32-B68D-DBE37694D4A3}
		{65F02DB4-92A3-445C-BEF4-97F499781E0E} = {74C73252-2B0B-4B32-B68D-DBE37694D4A3}
		{91129ECF-6947-4FF9-BF66-5EA8E3294326} = {D9060FCB-773C-4893-BDDE-3D379A5B281D}
		{E9A91945-FC87-4CD1-9A10-8EE43E715A8E} = {91129ECF-6947-4FF9-BF66-5EA8E3294326}
		{ED8BB916-7372-4D2D-9BD4-75FD73BE9BC6} = {164846F2-B0A9-41B2-834E-BF001D63AF78}
		{8C615748-493B-4678-BDF1-B72278F2ACBC} = {E8734F8B-03EE-4989-9961-23B8AF4BEB2D}
		{0DE657EB-9463-4648-B019-BEDFEFCA2081} = {E8734F8B-03EE-4989-9961-23B8AF4BEB2D}
		{66AEDC47-2D0F-49CE-98EB-DA4B681A2DDD} = {65F02DB4-92A3-445C-BEF4-97F499781E0E}
	EndGlobalSection
	GlobalSection(ExtensibilityGlobals) = postSolution
		SolutionGuid = {670C1766-0065-4183-9A3F-04866C9BAE85}
	EndGlobalSection
EndGlobal
