
Microsoft Visual Studio Solution File, Format Version 12.00
# Visual Studio Version 16
VisualStudioVersion = 16.0.31205.134
MinimumVisualStudioVersion = 10.0.40219.1
Project("{FAE04EC0-301F-11D3-BF4B-00C04F79EFBC}") = "FruitSA", "FruitSA\FruitSA.csproj", "{0C21DFB3-22D9-4828-8CAC-2D067BCE578F}"
EndProject
Project("{2150E333-8FDC-42A3-9474-1A3956D46DE8}") = "Services", "Services", "{74C73252-2B0B-4B32-B68D-DBE37694D4A3}"
EndProject
Project("{2150E333-8FDC-42A3-9474-1A3956D46DE8}") = "Product", "Product", "{164846F2-B0A9-41B2-834E-BF001D63AF78}"
EndProject
Project("{2150E333-8FDC-42A3-9474-1A3956D46DE8}") = "Identity", "Identity", "{65F02DB4-92A3-445C-BEF4-97F499781E0E}"
EndProject
Project("{FAE04EC0-301F-11D3-BF4B-00C04F79EFBC}") = "Product.API", "Services\Product\Product.API\Product.API\Product.API.csproj", "{8D58878D-634A-4B1E-841B-4F7CE6308681}"
EndProject
Project("{FAE04EC0-301F-11D3-BF4B-00C04F79EFBC}") = "Identity.API", "Services\Identity\Identity.API\Identity.API\Identity.API.csproj", "{AEEA0365-4B21-4AC1-8CCF-C02EF59FBF94}"
EndProject
Project("{2150E333-8FDC-42A3-9474-1A3956D46DE8}") = "ApiGateways", "ApiGateways", "{D9060FCB-773C-4893-BDDE-3D379A5B281D}"
EndProject
Project("{2150E333-8FDC-42A3-9474-1A3956D46DE8}") = "Web.HttpAggregator", "Web.HttpAggregator", "{91129ECF-6947-4FF9-BF66-5EA8E3294326}"
EndProject
Project("{FAE04EC0-301F-11D3-BF4B-00C04F79EFBC}") = "Web.HttpAggregator", "ApiGateways\Web.HttpAggregator\Web.HttpAggregator\Web.HttpAggregator.csproj", "{E9A91945-FC87-4CD1-9A10-8EE43E715A8E}"
EndProject
Global
	GlobalSection(SolutionConfigurationPlatforms) = preSolution
		Debug|Any CPU = Debug|Any CPU
		Release|Any CPU = Release|Any CPU
	EndGlobalSection
	GlobalSection(ProjectConfigurationPlatforms) = postSolution
		{0C21DFB3-22D9-4828-8CAC-2D067BCE578F}.Debug|Any CPU.ActiveCfg = Debug|Any CPU
		{0C21DFB3-22D9-4828-8CAC-2D067BCE578F}.Debug|Any CPU.Build.0 = Debug|Any CPU
		{0C21DFB3-22D9-4828-8CAC-2D067BCE578F}.Release|Any CPU.ActiveCfg = Release|Any CPU
		{0C21DFB3-22D9-4828-8CAC-2D067BCE578F}.Release|Any CPU.Build.0 = Release|Any CPU
		{8D58878D-634A-4B1E-841B-4F7CE6308681}.Debug|Any CPU.ActiveCfg = Debug|Any CPU
		{8D58878D-634A-4B1E-841B-4F7CE6308681}.Debug|Any CPU.Build.0 = Debug|Any CPU
		{8D58878D-634A-4B1E-841B-4F7CE6308681}.Release|Any CPU.ActiveCfg = Release|Any CPU
		{8D58878D-634A-4B1E-841B-4F7CE6308681}.Release|Any CPU.Build.0 = Release|Any CPU
		{AEEA0365-4B21-4AC1-8CCF-C02EF59FBF94}.Debug|Any CPU.ActiveCfg = Debug|Any CPU
		{AEEA0365-4B21-4AC1-8CCF-C02EF59FBF94}.Debug|Any CPU.Build.0 = Debug|Any CPU
		{AEEA0365-4B21-4AC1-8CCF-C02EF59FBF94}.Release|Any CPU.ActiveCfg = Release|Any CPU
		{AEEA0365-4B21-4AC1-8CCF-C02EF59FBF94}.Release|Any CPU.Build.0 = Release|Any CPU
		{E9A91945-FC87-4CD1-9A10-8EE43E715A8E}.Debug|Any CPU.ActiveCfg = Debug|Any CPU
		{E9A91945-FC87-4CD1-9A10-8EE43E715A8E}.Debug|Any CPU.Build.0 = Debug|Any CPU
		{E9A91945-FC87-4CD1-9A10-8EE43E715A8E}.Release|Any CPU.ActiveCfg = Release|Any CPU
		{E9A91945-FC87-4CD1-9A10-8EE43E715A8E}.Release|Any CPU.Build.0 = Release|Any CPU
	EndGlobalSection
	GlobalSection(SolutionProperties) = preSolution
		HideSolutionNode = FALSE
	EndGlobalSection
	GlobalSection(NestedProjects) = preSolution
		{164846F2-B0A9-41B2-834E-BF001D63AF78} = {74C73252-2B0B-4B32-B68D-DBE37694D4A3}
		{65F02DB4-92A3-445C-BEF4-97F499781E0E} = {74C73252-2B0B-4B32-B68D-DBE37694D4A3}
		{8D58878D-634A-4B1E-841B-4F7CE6308681} = {164846F2-B0A9-41B2-834E-BF001D63AF78}
		{AEEA0365-4B21-4AC1-8CCF-C02EF59FBF94} = {65F02DB4-92A3-445C-BEF4-97F499781E0E}
		{91129ECF-6947-4FF9-BF66-5EA8E3294326} = {D9060FCB-773C-4893-BDDE-3D379A5B281D}
		{E9A91945-FC87-4CD1-9A10-8EE43E715A8E} = {91129ECF-6947-4FF9-BF66-5EA8E3294326}
	EndGlobalSection
	GlobalSection(ExtensibilityGlobals) = postSolution
		SolutionGuid = {670C1766-0065-4183-9A3F-04866C9BAE85}
	EndGlobalSection
EndGlobal
